// !$*UTF8*$!
{
	archiveVersion = 1;
	classes = {
	};
	objectVersion = 50;
	objects = {

/* Begin PBXBuildFile section */
		04F5705122E8B51B0034B1C0 /* AppDelegate.swift in Sources */ = {isa = PBXBuildFile; fileRef = 04F5705022E8B51B0034B1C0 /* AppDelegate.swift */; };
		04F5705322E8B51B0034B1C0 /* ViewController.swift in Sources */ = {isa = PBXBuildFile; fileRef = 04F5705222E8B51B0034B1C0 /* ViewController.swift */; };
		04F5705622E8B51B0034B1C0 /* Main.storyboard in Resources */ = {isa = PBXBuildFile; fileRef = 04F5705422E8B51B0034B1C0 /* Main.storyboard */; };
		04F5705822E8B51D0034B1C0 /* Assets.xcassets in Resources */ = {isa = PBXBuildFile; fileRef = 04F5705722E8B51D0034B1C0 /* Assets.xcassets */; };
		04F5705B22E8B51D0034B1C0 /* LaunchScreen.storyboard in Resources */ = {isa = PBXBuildFile; fileRef = 04F5705922E8B51D0034B1C0 /* LaunchScreen.storyboard */; };
		04F5706622E8B51D0034B1C0 /* GitHubTests.swift in Sources */ = {isa = PBXBuildFile; fileRef = 04F5706522E8B51D0034B1C0 /* GitHubTests.swift */; };
		04F5707122E8B51D0034B1C0 /* GitHubUITests.swift in Sources */ = {isa = PBXBuildFile; fileRef = 04F5707022E8B51D0034B1C0 /* GitHubUITests.swift */; };
/* End PBXBuildFile section */

/* Begin PBXContainerItemProxy section */
		04F5706222E8B51D0034B1C0 /* PBXContainerItemProxy */ = {
			isa = PBXContainerItemProxy;
			containerPortal = 04F5704522E8B51A0034B1C0 /* Project object */;
			proxyType = 1;
			remoteGlobalIDString = 04F5704C22E8B51B0034B1C0;
			remoteInfo = GitHub;
		};
		04F5706D22E8B51D0034B1C0 /* PBXContainerItemProxy */ = {
			isa = PBXContainerItemProxy;
			containerPortal = 04F5704522E8B51A0034B1C0 /* Project object */;
			proxyType = 1;
			remoteGlobalIDString = 04F5704C22E8B51B0034B1C0;
			remoteInfo = GitHub;
		};
/* End PBXContainerItemProxy section */

/* Begin PBXFileReference section */
		04F5704D22E8B51B0034B1C0 /* GitHub.app */ = {isa = PBXFileReference; explicitFileType = wrapper.application; includeInIndex = 0; path = GitHub.app; sourceTree = BUILT_PRODUCTS_DIR; };
		04F5705022E8B51B0034B1C0 /* AppDelegate.swift */ = {isa = PBXFileReference; lastKnownFileType = sourcecode.swift; path = AppDelegate.swift; sourceTree = "<group>"; };
		04F5705222E8B51B0034B1C0 /* ViewController.swift */ = {isa = PBXFileReference; lastKnownFileType = sourcecode.swift; path = ViewController.swift; sourceTree = "<group>"; };
		04F5705522E8B51B0034B1C0 /* Base */ = {isa = PBXFileReference; lastKnownFileType = file.storyboard; name = Base; path = Base.lproj/Main.storyboard; sourceTree = "<group>"; };
		04F5705722E8B51D0034B1C0 /* Assets.xcassets */ = {isa = PBXFileReference; lastKnownFileType = folder.assetcatalog; path = Assets.xcassets; sourceTree = "<group>"; };
		04F5705A22E8B51D0034B1C0 /* Base */ = {isa = PBXFileReference; lastKnownFileType = file.storyboard; name = Base; path = Base.lproj/LaunchScreen.storyboard; sourceTree = "<group>"; };
		04F5705C22E8B51D0034B1C0 /* Info.plist */ = {isa = PBXFileReference; lastKnownFileType = text.plist.xml; path = Info.plist; sourceTree = "<group>"; };
		04F5706122E8B51D0034B1C0 /* GitHubTests.xctest */ = {isa = PBXFileReference; explicitFileType = wrapper.cfbundle; includeInIndex = 0; path = GitHubTests.xctest; sourceTree = BUILT_PRODUCTS_DIR; };
		04F5706522E8B51D0034B1C0 /* GitHubTests.swift */ = {isa = PBXFileReference; lastKnownFileType = sourcecode.swift; path = GitHubTests.swift; sourceTree = "<group>"; };
		04F5706722E8B51D0034B1C0 /* Info.plist */ = {isa = PBXFileReference; lastKnownFileType = text.plist.xml; path = Info.plist; sourceTree = "<group>"; };
		04F5706C22E8B51D0034B1C0 /* GitHubUITests.xctest */ = {isa = PBXFileReference; explicitFileType = wrapper.cfbundle; includeInIndex = 0; path = GitHubUITests.xctest; sourceTree = BUILT_PRODUCTS_DIR; };
		04F5707022E8B51D0034B1C0 /* GitHubUITests.swift */ = {isa = PBXFileReference; lastKnownFileType = sourcecode.swift; path = GitHubUITests.swift; sourceTree = "<group>"; };
		04F5707222E8B51D0034B1C0 /* Info.plist */ = {isa = PBXFileReference; lastKnownFileType = text.plist.xml; path = Info.plist; sourceTree = "<group>"; };
/* End PBXFileReference section */

/* Begin PBXFrameworksBuildPhase section */
		04F5704A22E8B51B0034B1C0 /* Frameworks */ = {
			isa = PBXFrameworksBuildPhase;
			buildActionMask = 2147483647;
			files = (
			);
			runOnlyForDeploymentPostprocessing = 0;
		};
		04F5705E22E8B51D0034B1C0 /* Frameworks */ = {
			isa = PBXFrameworksBuildPhase;
			buildActionMask = 2147483647;
			files = (
			);
			runOnlyForDeploymentPostprocessing = 0;
		};
		04F5706922E8B51D0034B1C0 /* Frameworks */ = {
			isa = PBXFrameworksBuildPhase;
			buildActionMask = 2147483647;
			files = (
			);
			runOnlyForDeploymentPostprocessing = 0;
		};
/* End PBXFrameworksBuildPhase section */

/* Begin PBXGroup section */
		04F5704422E8B51A0034B1C0 = {
			isa = PBXGroup;
			children = (
				04F5704F22E8B51B0034B1C0 /* GitHub */,
				04F5706422E8B51D0034B1C0 /* GitHubTests */,
				04F5706F22E8B51D0034B1C0 /* GitHubUITests */,
				04F5704E22E8B51B0034B1C0 /* Products */,
			);
			sourceTree = "<group>";
		};
		04F5704E22E8B51B0034B1C0 /* Products */ = {
			isa = PBXGroup;
			children = (
				04F5704D22E8B51B0034B1C0 /* GitHub.app */,
				04F5706122E8B51D0034B1C0 /* GitHubTests.xctest */,
				04F5706C22E8B51D0034B1C0 /* GitHubUITests.xctest */,
			);
			name = Products;
			sourceTree = "<group>";
		};
		04F5704F22E8B51B0034B1C0 /* GitHub */ = {
			isa = PBXGroup;
			children = (
				04F5705022E8B51B0034B1C0 /* AppDelegate.swift */,
				04F5705222E8B51B0034B1C0 /* ViewController.swift */,
				04F5705422E8B51B0034B1C0 /* Main.storyboard */,
				04F5705722E8B51D0034B1C0 /* Assets.xcassets */,
				04F5705922E8B51D0034B1C0 /* LaunchScreen.storyboard */,
				04F5705C22E8B51D0034B1C0 /* Info.plist */,
			);
			path = GitHub;
			sourceTree = "<group>";
		};
		04F5706422E8B51D0034B1C0 /* GitHubTests */ = {
			isa = PBXGroup;
			children = (
				04F5706522E8B51D0034B1C0 /* GitHubTests.swift */,
				04F5706722E8B51D0034B1C0 /* Info.plist */,
			);
			path = GitHubTests;
			sourceTree = "<group>";
		};
		04F5706F22E8B51D0034B1C0 /* GitHubUITests */ = {
			isa = PBXGroup;
			children = (
				04F5707022E8B51D0034B1C0 /* GitHubUITests.swift */,
				04F5707222E8B51D0034B1C0 /* Info.plist */,
			);
			path = GitHubUITests;
			sourceTree = "<group>";
		};
/* End PBXGroup section */

/* Begin PBXNativeTarget section */
		04F5704C22E8B51B0034B1C0 /* GitHub */ = {
			isa = PBXNativeTarget;
			buildConfigurationList = 04F5707522E8B51D0034B1C0 /* Build configuration list for PBXNativeTarget "GitHub" */;
			buildPhases = (
				04F5704922E8B51B0034B1C0 /* Sources */,
				04F5704A22E8B51B0034B1C0 /* Frameworks */,
				04F5704B22E8B51B0034B1C0 /* Resources */,
			);
			buildRules = (
			);
			dependencies = (
			);
			name = GitHub;
			productName = GitHub;
			productReference = 04F5704D22E8B51B0034B1C0 /* GitHub.app */;
			productType = "com.apple.product-type.application";
		};
		04F5706022E8B51D0034B1C0 /* GitHubTests */ = {
			isa = PBXNativeTarget;
			buildConfigurationList = 04F5707822E8B51D0034B1C0 /* Build configuration list for PBXNativeTarget "GitHubTests" */;
			buildPhases = (
				04F5705D22E8B51D0034B1C0 /* Sources */,
				04F5705E22E8B51D0034B1C0 /* Frameworks */,
				04F5705F22E8B51D0034B1C0 /* Resources */,
			);
			buildRules = (
			);
			dependencies = (
				04F5706322E8B51D0034B1C0 /* PBXTargetDependency */,
			);
			name = GitHubTests;
			productName = GitHubTests;
			productReference = 04F5706122E8B51D0034B1C0 /* GitHubTests.xctest */;
			productType = "com.apple.product-type.bundle.unit-test";
		};
		04F5706B22E8B51D0034B1C0 /* GitHubUITests */ = {
			isa = PBXNativeTarget;
			buildConfigurationList = 04F5707B22E8B51D0034B1C0 /* Build configuration list for PBXNativeTarget "GitHubUITests" */;
			buildPhases = (
				04F5706822E8B51D0034B1C0 /* Sources */,
				04F5706922E8B51D0034B1C0 /* Frameworks */,
				04F5706A22E8B51D0034B1C0 /* Resources */,
			);
			buildRules = (
			);
			dependencies = (
				04F5706E22E8B51D0034B1C0 /* PBXTargetDependency */,
			);
			name = GitHubUITests;
			productName = GitHubUITests;
			productReference = 04F5706C22E8B51D0034B1C0 /* GitHubUITests.xctest */;
			productType = "com.apple.product-type.bundle.ui-testing";
		};
/* End PBXNativeTarget section */

/* Begin PBXProject section */
		04F5704522E8B51A0034B1C0 /* Project object */ = {
			isa = PBXProject;
			attributes = {
				LastSwiftUpdateCheck = 1000;
				LastUpgradeCheck = 1000;
				ORGANIZATIONNAME = OwnProjects;
				TargetAttributes = {
					04F5704C22E8B51B0034B1C0 = {
						CreatedOnToolsVersion = 10.0;
					};
					04F5706022E8B51D0034B1C0 = {
						CreatedOnToolsVersion = 10.0;
						TestTargetID = 04F5704C22E8B51B0034B1C0;
					};
					04F5706B22E8B51D0034B1C0 = {
						CreatedOnToolsVersion = 10.0;
						TestTargetID = 04F5704C22E8B51B0034B1C0;
					};
				};
			};
			buildConfigurationList = 04F5704822E8B51A0034B1C0 /* Build configuration list for PBXProject "GitHub" */;
			compatibilityVersion = "Xcode 9.3";
			developmentRegion = en;
			hasScannedForEncodings = 0;
			knownRegions = (
				en,
				Base,
			);
			mainGroup = 04F5704422E8B51A0034B1C0;
			productRefGroup = 04F5704E22E8B51B0034B1C0 /* Products */;
			projectDirPath = "";
			projectRoot = "";
			targets = (
				04F5704C22E8B51B0034B1C0 /* GitHub */,
				04F5706022E8B51D0034B1C0 /* GitHubTests */,
				04F5706B22E8B51D0034B1C0 /* GitHubUITests */,
			);
		};
/* End PBXProject section */

/* Begin PBXResourcesBuildPhase section */
		04F5704B22E8B51B0034B1C0 /* Resources */ = {
			isa = PBXResourcesBuildPhase;
			buildActionMask = 2147483647;
			files = (
				04F5705B22E8B51D0034B1C0 /* LaunchScreen.storyboard in Resources */,
				04F5705822E8B51D0034B1C0 /* Assets.xcassets in Resources */,
				04F5705622E8B51B0034B1C0 /* Main.storyboard in Resources */,
			);
			runOnlyForDeploymentPostprocessing = 0;
		};
		04F5705F22E8B51D0034B1C0 /* Resources */ = {
			isa = PBXResourcesBuildPhase;
			buildActionMask = 2147483647;
			files = (
			);
			runOnlyForDeploymentPostprocessing = 0;
		};
		04F5706A22E8B51D0034B1C0 /* Resources */ = {
			isa = PBXResourcesBuildPhase;
			buildActionMask = 2147483647;
			files = (
			);
			runOnlyForDeploymentPostprocessing = 0;
		};
/* End PBXResourcesBuildPhase section */

/* Begin PBXSourcesBuildPhase section */
		04F5704922E8B51B0034B1C0 /* Sources */ = {
			isa = PBXSourcesBuildPhase;
			buildActionMask = 2147483647;
			files = (
				04F5705322E8B51B0034B1C0 /* ViewController.swift in Sources */,
				04F5705122E8B51B0034B1C0 /* AppDelegate.swift in Sources */,
			);
			runOnlyForDeploymentPostprocessing = 0;
		};
		04F5705D22E8B51D0034B1C0 /* Sources */ = {
			isa = PBXSourcesBuildPhase;
			buildActionMask = 2147483647;
			files = (
				04F5706622E8B51D0034B1C0 /* GitHubTests.swift in Sources */,
			);
			runOnlyForDeploymentPostprocessing = 0;
		};
		04F5706822E8B51D0034B1C0 /* Sources */ = {
			isa = PBXSourcesBuildPhase;
			buildActionMask = 2147483647;
			files = (
				04F5707122E8B51D0034B1C0 /* GitHubUITests.swift in Sources */,
			);
			runOnlyForDeploymentPostprocessing = 0;
		};
/* End PBXSourcesBuildPhase section */

/* Begin PBXTargetDependency section */
		04F5706322E8B51D0034B1C0 /* PBXTargetDependency */ = {
			isa = PBXTargetDependency;
			target = 04F5704C22E8B51B0034B1C0 /* GitHub */;
			targetProxy = 04F5706222E8B51D0034B1C0 /* PBXContainerItemProxy */;
		};
		04F5706E22E8B51D0034B1C0 /* PBXTargetDependency */ = {
			isa = PBXTargetDependency;
			target = 04F5704C22E8B51B0034B1C0 /* GitHub */;
			targetProxy = 04F5706D22E8B51D0034B1C0 /* PBXContainerItemProxy */;
		};
/* End PBXTargetDependency section */

/* Begin PBXVariantGroup section */
		04F5705422E8B51B0034B1C0 /* Main.storyboard */ = {
			isa = PBXVariantGroup;
			children = (
				04F5705522E8B51B0034B1C0 /* Base */,
			);
			name = Main.storyboard;
			sourceTree = "<group>";
		};
		04F5705922E8B51D0034B1C0 /* LaunchScreen.storyboard */ = {
			isa = PBXVariantGroup;
			children = (
				04F5705A22E8B51D0034B1C0 /* Base */,
			);
			name = LaunchScreen.storyboard;
			sourceTree = "<group>";
		};
/* End PBXVariantGroup section */

/* Begin XCBuildConfiguration section */
		04F5707322E8B51D0034B1C0 /* Debug */ = {
			isa = XCBuildConfiguration;
			buildSettings = {
				ALWAYS_SEARCH_USER_PATHS = NO;
				CLANG_ANALYZER_NONNULL = YES;
				CLANG_ANALYZER_NUMBER_OBJECT_CONVERSION = YES_AGGRESSIVE;
				CLANG_CXX_LANGUAGE_STANDARD = "gnu++14";
				CLANG_CXX_LIBRARY = "libc++";
				CLANG_ENABLE_MODULES = YES;
				CLANG_ENABLE_OBJC_ARC = YES;
				CLANG_ENABLE_OBJC_WEAK = YES;
				CLANG_WARN_BLOCK_CAPTURE_AUTORELEASING = YES;
				CLANG_WARN_BOOL_CONVERSION = YES;
				CLANG_WARN_COMMA = YES;
				CLANG_WARN_CONSTANT_CONVERSION = YES;
				CLANG_WARN_DEPRECATED_OBJC_IMPLEMENTATIONS = YES;
				CLANG_WARN_DIRECT_OBJC_ISA_USAGE = YES_ERROR;
				CLANG_WARN_DOCUMENTATION_COMMENTS = YES;
				CLANG_WARN_EMPTY_BODY = YES;
				CLANG_WARN_ENUM_CONVERSION = YES;
				CLANG_WARN_INFINITE_RECURSION = YES;
				CLANG_WARN_INT_CONVERSION = YES;
				CLANG_WARN_NON_LITERAL_NULL_CONVERSION = YES;
				CLANG_WARN_OBJC_IMPLICIT_RETAIN_SELF = YES;
				CLANG_WARN_OBJC_LITERAL_CONVERSION = YES;
				CLANG_WARN_OBJC_ROOT_CLASS = YES_ERROR;
				CLANG_WARN_RANGE_LOOP_ANALYSIS = YES;
				CLANG_WARN_STRICT_PROTOTYPES = YES;
				CLANG_WARN_SUSPICIOUS_MOVE = YES;
				CLANG_WARN_UNGUARDED_AVAILABILITY = YES_AGGRESSIVE;
				CLANG_WARN_UNREACHABLE_CODE = YES;
				CLANG_WARN__DUPLICATE_METHOD_MATCH = YES;
				CODE_SIGN_IDENTITY = "iPhone Developer";
				COPY_PHASE_STRIP = NO;
				DEBUG_INFORMATION_FORMAT = dwarf;
				ENABLE_STRICT_OBJC_MSGSEND = YES;
				ENABLE_TESTABILITY = YES;
				GCC_C_LANGUAGE_STANDARD = gnu11;
				GCC_DYNAMIC_NO_PIC = NO;
				GCC_NO_COMMON_BLOCKS = YES;
				GCC_OPTIMIZATION_LEVEL = 0;
				GCC_PREPROCESSOR_DEFINITIONS = (
					"DEBUG=1",
					"$(inherited)",
				);
				GCC_WARN_64_TO_32_BIT_CONVERSION = YES;
				GCC_WARN_ABOUT_RETURN_TYPE = YES_ERROR;
				GCC_WARN_UNDECLARED_SELECTOR = YES;
				GCC_WARN_UNINITIALIZED_AUTOS = YES_AGGRESSIVE;
				GCC_WARN_UNUSED_FUNCTION = YES;
				GCC_WARN_UNUSED_VARIABLE = YES;
				IPHONEOS_DEPLOYMENT_TARGET = 12.0;
				MTL_ENABLE_DEBUG_INFO = INCLUDE_SOURCE;
				MTL_FAST_MATH = YES;
				ONLY_ACTIVE_ARCH = YES;
				SDKROOT = iphoneos;
				SWIFT_ACTIVE_COMPILATION_CONDITIONS = DEBUG;
				SWIFT_OPTIMIZATION_LEVEL = "-Onone";
			};
			name = Debug;
		};
		04F5707422E8B51D0034B1C0 /* Release */ = {
			isa = XCBuildConfiguration;
			buildSettings = {
				ALWAYS_SEARCH_USER_PATHS = NO;
				CLANG_ANALYZER_NONNULL = YES;
				CLANG_ANALYZER_NUMBER_OBJECT_CONVERSION = YES_AGGRESSIVE;
				CLANG_CXX_LANGUAGE_STANDARD = "gnu++14";
				CLANG_CXX_LIBRARY = "libc++";
				CLANG_ENABLE_MODULES = YES;
				CLANG_ENABLE_OBJC_ARC = YES;
				CLANG_ENABLE_OBJC_WEAK = YES;
				CLANG_WARN_BLOCK_CAPTURE_AUTORELEASING = YES;
				CLANG_WARN_BOOL_CONVERSION = YES;
				CLANG_WARN_COMMA = YES;
				CLANG_WARN_CONSTANT_CONVERSION = YES;
				CLANG_WARN_DEPRECATED_OBJC_IMPLEMENTATIONS = YES;
				CLANG_WARN_DIRECT_OBJC_ISA_USAGE = YES_ERROR;
				CLANG_WARN_DOCUMENTATION_COMMENTS = YES;
				CLANG_WARN_EMPTY_BODY = YES;
				CLANG_WARN_ENUM_CONVERSION = YES;
				CLANG_WARN_INFINITE_RECURSION = YES;
				CLANG_WARN_INT_CONVERSION = YES;
				CLANG_WARN_NON_LITERAL_NULL_CONVERSION = YES;
				CLANG_WARN_OBJC_IMPLICIT_RETAIN_SELF = YES;
				CLANG_WARN_OBJC_LITERAL_CONVERSION = YES;
				CLANG_WARN_OBJC_ROOT_CLASS = YES_ERROR;
				CLANG_WARN_RANGE_LOOP_ANALYSIS = YES;
				CLANG_WARN_STRICT_PROTOTYPES = YES;
				CLANG_WARN_SUSPICIOUS_MOVE = YES;
				CLANG_WARN_UNGUARDED_AVAILABILITY = YES_AGGRESSIVE;
				CLANG_WARN_UNREACHABLE_CODE = YES;
				CLANG_WARN__DUPLICATE_METHOD_MATCH = YES;
				CODE_SIGN_IDENTITY = "iPhone Developer";
				COPY_PHASE_STRIP = NO;
				DEBUG_INFORMATION_FORMAT = "dwarf-with-dsym";
				ENABLE_NS_ASSERTIONS = NO;
				ENABLE_STRICT_OBJC_MSGSEND = YES;
				GCC_C_LANGUAGE_STANDARD = gnu11;
				GCC_NO_COMMON_BLOCKS = YES;
				GCC_WARN_64_TO_32_BIT_CONVERSION = YES;
				GCC_WARN_ABOUT_RETURN_TYPE = YES_ERROR;
				GCC_WARN_UNDECLARED_SELECTOR = YES;
				GCC_WARN_UNINITIALIZED_AUTOS = YES_AGGRESSIVE;
				GCC_WARN_UNUSED_FUNCTION = YES;
				GCC_WARN_UNUSED_VARIABLE = YES;
				IPHONEOS_DEPLOYMENT_TARGET = 12.0;
				MTL_ENABLE_DEBUG_INFO = NO;
				MTL_FAST_MATH = YES;
				SDKROOT = iphoneos;
				SWIFT_COMPILATION_MODE = wholemodule;
				SWIFT_OPTIMIZATION_LEVEL = "-O";
				VALIDATE_PRODUCT = YES;
			};
			name = Release;
		};
		04F5707622E8B51D0034B1C0 /* Debug */ = {
			isa = XCBuildConfiguration;
			buildSettings = {
				ASSETCATALOG_COMPILER_APPICON_NAME = AppIcon;
				CODE_SIGN_STYLE = Automatic;
				DEVELOPMENT_TEAM = J685J65365;
				INFOPLIST_FILE = GitHub/Info.plist;
				LD_RUNPATH_SEARCH_PATHS = (
					"$(inherited)",
					"@executable_path/Frameworks",
				);
				PRODUCT_BUNDLE_IDENTIFIER = com.ownprojects.GitHub;
				PRODUCT_NAME = "$(TARGET_NAME)";
				SWIFT_VERSION = 4.2;
				TARGETED_DEVICE_FAMILY = "1,2";
			};
			name = Debug;
		};
		04F5707722E8B51D0034B1C0 /* Release */ = {
			isa = XCBuildConfiguration;
			buildSettings = {
				ASSETCATALOG_COMPILER_APPICON_NAME = AppIcon;
				CODE_SIGN_STYLE = Automatic;
				DEVELOPMENT_TEAM = J685J65365;
				INFOPLIST_FILE = GitHub/Info.plist;
				LD_RUNPATH_SEARCH_PATHS = (
					"$(inherited)",
					"@executable_path/Frameworks",
				);
				PRODUCT_BUNDLE_IDENTIFIER = com.ownprojects.GitHub;
				PRODUCT_NAME = "$(TARGET_NAME)";
				SWIFT_VERSION = 4.2;
				TARGETED_DEVICE_FAMILY = "1,2";
			};
			name = Release;
		};
		04F5707922E8B51D0034B1C0 /* Debug */ = {
			isa = XCBuildConfiguration;
			buildSettings = {
				ALWAYS_EMBED_SWIFT_STANDARD_LIBRARIES = YES;
				BUNDLE_LOADER = "$(TEST_HOST)";
				CODE_SIGN_STYLE = Automatic;
				DEVELOPMENT_TEAM = J685J65365;
				INFOPLIST_FILE = GitHubTests/Info.plist;
				LD_RUNPATH_SEARCH_PATHS = (
					"$(inherited)",
					"@executable_path/Frameworks",
					"@loader_path/Frameworks",
				);
				PRODUCT_BUNDLE_IDENTIFIER = com.ownprojects.GitHubTests;
				PRODUCT_NAME = "$(TARGET_NAME)";
				SWIFT_VERSION = 4.2;
				TARGETED_DEVICE_FAMILY = "1,2";
				TEST_HOST = "$(BUILT_PRODUCTS_DIR)/GitHub.app/GitHub";
			};
			name = Debug;
		};
		04F5707A22E8B51D0034B1C0 /* Release */ = {
			isa = XCBuildConfiguration;
			buildSettings = {
				ALWAYS_EMBED_SWIFT_STANDARD_LIBRARIES = YES;
				BUNDLE_LOADER = "$(TEST_HOST)";
				CODE_SIGN_STYLE = Automatic;
				DEVELOPMENT_TEAM = J685J65365;
				INFOPLIST_FILE = GitHubTests/Info.plist;
				LD_RUNPATH_SEARCH_PATHS = (
					"$(inherited)",
					"@executable_path/Frameworks",
					"@loader_path/Frameworks",
				);
				PRODUCT_BUNDLE_IDENTIFIER = com.ownprojects.GitHubTests;
				PRODUCT_NAME = "$(TARGET_NAME)";
				SWIFT_VERSION = 4.2;
				TARGETED_DEVICE_FAMILY = "1,2";
				TEST_HOST = "$(BUILT_PRODUCTS_DIR)/GitHub.app/GitHub";
			};
			name = Release;
		};
		04F5707C22E8B51D0034B1C0 /* Debug */ = {
			isa = XCBuildConfiguration;
			buildSettings = {
				ALWAYS_EMBED_SWIFT_STANDARD_LIBRARIES = YES;
				CODE_SIGN_STYLE = Automatic;
				DEVELOPMENT_TEAM = J685J65365;
				INFOPLIST_FILE = GitHubUITests/Info.plist;
				LD_RUNPATH_SEARCH_PATHS = (
					"$(inherited)",
					"@executable_path/Frameworks",
					"@loader_path/Frameworks",
				);
				PRODUCT_BUNDLE_IDENTIFIER = com.ownprojects.GitHubUITests;
				PRODUCT_NAME = "$(TARGET_NAME)";
				SWIFT_VERSION = 4.2;
				TARGETED_DEVICE_FAMILY = "1,2";
				TEST_TARGET_NAME = GitHub;
			};
			name = Debug;
		};
		04F5707D22E8B51D0034B1C0 /* Release */ = {
			isa = XCBuildConfiguration;
			buildSettings = {
				ALWAYS_EMBED_SWIFT_STANDARD_LIBRARIES = YES;
				CODE_SIGN_STYLE = Automatic;
				DEVELOPMENT_TEAM = J685J65365;
				INFOPLIST_FILE = GitHubUITests/Info.plist;
				LD_RUNPATH_SEARCH_PATHS = (
					"$(inherited)",
					"@executable_path/Frameworks",
					"@loader_path/Frameworks",
				);
				PRODUCT_BUNDLE_IDENTIFIER = com.ownprojects.GitHubUITests;
				PRODUCT_NAME = "$(TARGET_NAME)";
				SWIFT_VERSION = 4.2;
				TARGETED_DEVICE_FAMILY = "1,2";
				TEST_TARGET_NAME = GitHub;
			};
			name = Release;
		};
/* End XCBuildConfiguration section */

/* Begin XCConfigurationList section */
		04F5704822E8B51A0034B1C0 /* Build configuration list for PBXProject "GitHub" */ = {
			isa = XCConfigurationList;
			buildConfigurations = (
				04F5707322E8B51D0034B1C0 /* Debug */,
				04F5707422E8B51D0034B1C0 /* Release */,
			);
			defaultConfigurationIsVisible = 0;
			defaultConfigurationName = Release;
		};
		04F5707522E8B51D0034B1C0 /* Build configuration list for PBXNativeTarget "GitHub" */ = {
			isa = XCConfigurationList;
			buildConfigurations = (
				04F5707622E8B51D0034B1C0 /* Debug */,
				04F5707722E8B51D0034B1C0 /* Release */,
			);
			defaultConfigurationIsVisible = 0;
			defaultConfigurationName = Release;
		};
		04F5707822E8B51D0034B1C0 /* Build configuration list for PBXNativeTarget "GitHubTests" */ = {
			isa = XCConfigurationList;
			buildConfigurations = (
				04F5707922E8B51D0034B1C0 /* Debug */,
				04F5707A22E8B51D0034B1C0 /* Release */,
			);
			defaultConfigurationIsVisible = 0;
			defaultConfigurationName = Release;
		};
		04F5707B22E8B51D0034B1C0 /* Build configuration list for PBXNativeTarget "GitHubUITests" */ = {
			isa = XCConfigurationList;
			buildConfigurations = (
				04F5707C22E8B51D0034B1C0 /* Debug */,
				04F5707D22E8B51D0034B1C0 /* Release */,
			);
			defaultConfigurationIsVisible = 0;
			defaultConfigurationName = Release;
		};
/* End XCConfigurationList section */
	};
	rootObject = 04F5704522E8B51A0034B1C0 /* Project object */;
}
